// !$*UTF8*$!
{
	archiveVersion = 1;
	classes = {
	};
	objectVersion = 56;
	objects = {

/* Begin PBXBuildFile section */
		6FA759DD2D49382300FF89B4 /* newyorktimesApp.swift in Sources */ = {isa = PBXBuildFile; fileRef = 6FA759DC2D49382300FF89B4 /* newyorktimesApp.swift */; };
		6FA759DF2D49382300FF89B4 /* ContentView.swift in Sources */ = {isa = PBXBuildFile; fileRef = 6FA759DE2D49382300FF89B4 /* ContentView.swift */; };
		6FA759E12D49382500FF89B4 /* Assets.xcassets in Resources */ = {isa = PBXBuildFile; fileRef = 6FA759E02D49382500FF89B4 /* Assets.xcassets */; };
		6FA759E42D49382500FF89B4 /* Preview Assets.xcassets in Resources */ = {isa = PBXBuildFile; fileRef = 6FA759E32D49382500FF89B4 /* Preview Assets.xcassets */; };
		6FA759EC2D4938BE00FF89B4 /* ApiManager.swift in Sources */ = {isa = PBXBuildFile; fileRef = 6FA759EB2D4938BE00FF89B4 /* ApiManager.swift */; };
		6FA759F12D49558000FF89B4 /* ResponseModel.swift in Sources */ = {isa = PBXBuildFile; fileRef = 6FA759F02D49558000FF89B4 /* ResponseModel.swift */; };
		6FA759F32D4955F500FF89B4 /* ResultModel.swift in Sources */ = {isa = PBXBuildFile; fileRef = 6FA759F22D4955F500FF89B4 /* ResultModel.swift */; };
		6FA759F62D4968FE00FF89B4 /* CardsViews.swift in Sources */ = {isa = PBXBuildFile; fileRef = 6FA759F52D4968FE00FF89B4 /* CardsViews.swift */; };
		6FA759F82D498A9400FF89B4 /* ButtonsDays.swift in Sources */ = {isa = PBXBuildFile; fileRef = 6FA759F72D498A9400FF89B4 /* ButtonsDays.swift */; };
		6FA759FA2D4991FF00FF89B4 /* TextNoticeView.swift in Sources */ = {isa = PBXBuildFile; fileRef = 6FA759F92D4991FF00FF89B4 /* TextNoticeView.swift */; };
		6FA759FC2D49925A00FF89B4 /* Progress.swift in Sources */ = {isa = PBXBuildFile; fileRef = 6FA759FB2D49925A00FF89B4 /* Progress.swift */; };
		6FA759FF2D4993BB00FF89B4 /* ContentViewModel.swift in Sources */ = {isa = PBXBuildFile; fileRef = 6FA759FE2D4993BB00FF89B4 /* ContentViewModel.swift */; };
		6FA75A022D49940000FF89B4 /* IdentifiableModel.swift in Sources */ = {isa = PBXBuildFile; fileRef = 6FA75A012D49940000FF89B4 /* IdentifiableModel.swift */; };
		6FA75A042D4A940900FF89B4 /* NetworkMonitor.swift in Sources */ = {isa = PBXBuildFile; fileRef = 6FA75A032D4A940900FF89B4 /* NetworkMonitor.swift */; };
		6FA75A062D4A981900FF89B4 /* NetworkAlert.swift in Sources */ = {isa = PBXBuildFile; fileRef = 6FA75A052D4A981900FF89B4 /* NetworkAlert.swift */; };
		6FA75A0E2D4AA85400FF89B4 /* newyorktimesTests.swift in Sources */ = {isa = PBXBuildFile; fileRef = 6FA75A0D2D4AA85400FF89B4 /* newyorktimesTests.swift */; };
		6FA75A1B2D4AB57F00FF89B4 /* newyorktimesTestsUI.swift in Sources */ = {isa = PBXBuildFile; fileRef = 6FA75A1A2D4AB57F00FF89B4 /* newyorktimesTestsUI.swift */; };
		6FA75A1D2D4AB57F00FF89B4 /* newyorktimesTestsUILaunchTests.swift in Sources */ = {isa = PBXBuildFile; fileRef = 6FA75A1C2D4AB57F00FF89B4 /* newyorktimesTestsUILaunchTests.swift */; };
		6FA75A242D4ABC3600FF89B4 /* MockupApiService.swift in Sources */ = {isa = PBXBuildFile; fileRef = 6FA75A232D4ABC3600FF89B4 /* MockupApiService.swift */; };
/* End PBXBuildFile section */

/* Begin PBXContainerItemProxy section */
		6FA75A0F2D4AA85400FF89B4 /* PBXContainerItemProxy */ = {
			isa = PBXContainerItemProxy;
			containerPortal = 6FA759D12D49382300FF89B4 /* Project object */;
			proxyType = 1;
			remoteGlobalIDString = 6FA759D82D49382300FF89B4;
			remoteInfo = newyorktimes;
		};
		6FA75A1E2D4AB57F00FF89B4 /* PBXContainerItemProxy */ = {
			isa = PBXContainerItemProxy;
			containerPortal = 6FA759D12D49382300FF89B4 /* Project object */;
			proxyType = 1;
			remoteGlobalIDString = 6FA759D82D49382300FF89B4;
			remoteInfo = newyorktimes;
		};
/* End PBXContainerItemProxy section */

/* Begin PBXFileReference section */
		6FA759D92D49382300FF89B4 /* newyorktimes.app */ = {isa = PBXFileReference; explicitFileType = wrapper.application; includeInIndex = 0; path = newyorktimes.app; sourceTree = BUILT_PRODUCTS_DIR; };
		6FA759DC2D49382300FF89B4 /* newyorktimesApp.swift */ = {isa = PBXFileReference; lastKnownFileType = sourcecode.swift; path = newyorktimesApp.swift; sourceTree = "<group>"; };
		6FA759DE2D49382300FF89B4 /* ContentView.swift */ = {isa = PBXFileReference; lastKnownFileType = sourcecode.swift; path = ContentView.swift; sourceTree = "<group>"; };
		6FA759E02D49382500FF89B4 /* Assets.xcassets */ = {isa = PBXFileReference; lastKnownFileType = folder.assetcatalog; path = Assets.xcassets; sourceTree = "<group>"; };
		6FA759E32D49382500FF89B4 /* Preview Assets.xcassets */ = {isa = PBXFileReference; lastKnownFileType = folder.assetcatalog; path = "Preview Assets.xcassets"; sourceTree = "<group>"; };
		6FA759EB2D4938BE00FF89B4 /* ApiManager.swift */ = {isa = PBXFileReference; lastKnownFileType = sourcecode.swift; path = ApiManager.swift; sourceTree = "<group>"; };
		6FA759F02D49558000FF89B4 /* ResponseModel.swift */ = {isa = PBXFileReference; lastKnownFileType = sourcecode.swift; path = ResponseModel.swift; sourceTree = "<group>"; };
		6FA759F22D4955F500FF89B4 /* ResultModel.swift */ = {isa = PBXFileReference; lastKnownFileType = sourcecode.swift; path = ResultModel.swift; sourceTree = "<group>"; };
		6FA759F52D4968FE00FF89B4 /* CardsViews.swift */ = {isa = PBXFileReference; lastKnownFileType = sourcecode.swift; path = CardsViews.swift; sourceTree = "<group>"; };
		6FA759F72D498A9400FF89B4 /* ButtonsDays.swift */ = {isa = PBXFileReference; lastKnownFileType = sourcecode.swift; path = ButtonsDays.swift; sourceTree = "<group>"; };
		6FA759F92D4991FF00FF89B4 /* TextNoticeView.swift */ = {isa = PBXFileReference; lastKnownFileType = sourcecode.swift; path = TextNoticeView.swift; sourceTree = "<group>"; };
		6FA759FB2D49925A00FF89B4 /* Progress.swift */ = {isa = PBXFileReference; lastKnownFileType = sourcecode.swift; path = Progress.swift; sourceTree = "<group>"; };
		6FA759FE2D4993BB00FF89B4 /* ContentViewModel.swift */ = {isa = PBXFileReference; lastKnownFileType = sourcecode.swift; path = ContentViewModel.swift; sourceTree = "<group>"; };
		6FA75A012D49940000FF89B4 /* IdentifiableModel.swift */ = {isa = PBXFileReference; lastKnownFileType = sourcecode.swift; path = IdentifiableModel.swift; sourceTree = "<group>"; };
		6FA75A032D4A940900FF89B4 /* NetworkMonitor.swift */ = {isa = PBXFileReference; lastKnownFileType = sourcecode.swift; path = NetworkMonitor.swift; sourceTree = "<group>"; };
		6FA75A052D4A981900FF89B4 /* NetworkAlert.swift */ = {isa = PBXFileReference; lastKnownFileType = sourcecode.swift; path = NetworkAlert.swift; sourceTree = "<group>"; };
		6FA75A0B2D4AA85400FF89B4 /* newyorktimesTests.xctest */ = {isa = PBXFileReference; explicitFileType = wrapper.cfbundle; includeInIndex = 0; path = newyorktimesTests.xctest; sourceTree = BUILT_PRODUCTS_DIR; };
		6FA75A0D2D4AA85400FF89B4 /* newyorktimesTests.swift */ = {isa = PBXFileReference; lastKnownFileType = sourcecode.swift; path = newyorktimesTests.swift; sourceTree = "<group>"; };
		6FA75A182D4AB57F00FF89B4 /* newyorktimesTestsUI.xctest */ = {isa = PBXFileReference; explicitFileType = wrapper.cfbundle; includeInIndex = 0; path = newyorktimesTestsUI.xctest; sourceTree = BUILT_PRODUCTS_DIR; };
		6FA75A1A2D4AB57F00FF89B4 /* newyorktimesTestsUI.swift */ = {isa = PBXFileReference; lastKnownFileType = sourcecode.swift; path = newyorktimesTestsUI.swift; sourceTree = "<group>"; };
		6FA75A1C2D4AB57F00FF89B4 /* newyorktimesTestsUILaunchTests.swift */ = {isa = PBXFileReference; lastKnownFileType = sourcecode.swift; path = newyorktimesTestsUILaunchTests.swift; sourceTree = "<group>"; };
		6FA75A232D4ABC3600FF89B4 /* MockupApiService.swift */ = {isa = PBXFileReference; lastKnownFileType = sourcecode.swift; path = MockupApiService.swift; sourceTree = "<group>"; };
/* End PBXFileReference section */

/* Begin PBXFrameworksBuildPhase section */
		6FA759D62D49382300FF89B4 /* Frameworks */ = {
			isa = PBXFrameworksBuildPhase;
			buildActionMask = 2147483647;
			files = (
			);
			runOnlyForDeploymentPostprocessing = 0;
		};
		6FA75A082D4AA85400FF89B4 /* Frameworks */ = {
			isa = PBXFrameworksBuildPhase;
			buildActionMask = 2147483647;
			files = (
			);
			runOnlyForDeploymentPostprocessing = 0;
		};
		6FA75A152D4AB57F00FF89B4 /* Frameworks */ = {
			isa = PBXFrameworksBuildPhase;
			buildActionMask = 2147483647;
			files = (
			);
			runOnlyForDeploymentPostprocessing = 0;
		};
/* End PBXFrameworksBuildPhase section */

/* Begin PBXGroup section */
		6FA759D02D49382300FF89B4 = {
			isa = PBXGroup;
			children = (
				6FA759DB2D49382300FF89B4 /* newyorktimes */,
				6FA75A0C2D4AA85400FF89B4 /* newyorktimesTests */,
				6FA75A192D4AB57F00FF89B4 /* newyorktimesTestsUI */,
				6FA759DA2D49382300FF89B4 /* Products */,
			);
			sourceTree = "<group>";
		};
		6FA759DA2D49382300FF89B4 /* Products */ = {
			isa = PBXGroup;
			children = (
				6FA759D92D49382300FF89B4 /* newyorktimes.app */,
				6FA75A0B2D4AA85400FF89B4 /* newyorktimesTests.xctest */,
				6FA75A182D4AB57F00FF89B4 /* newyorktimesTestsUI.xctest */,
			);
			name = Products;
			sourceTree = "<group>";
		};
		6FA759DB2D49382300FF89B4 /* newyorktimes */ = {
			isa = PBXGroup;
			children = (
				6FA759FD2D49934800FF89B4 /* ViewModel */,
				6FA759F42D4968E500FF89B4 /* Views */,
				6FA759EF2D49547F00FF89B4 /* models */,
				6FA759EA2D49382C00FF89B4 /* network */,
				6FA759DC2D49382300FF89B4 /* newyorktimesApp.swift */,
				6FA759DE2D49382300FF89B4 /* ContentView.swift */,
				6FA759E02D49382500FF89B4 /* Assets.xcassets */,
				6FA759E22D49382500FF89B4 /* Preview Content */,
			);
			path = newyorktimes;
			sourceTree = "<group>";
		};
		6FA759E22D49382500FF89B4 /* Preview Content */ = {
			isa = PBXGroup;
			children = (
				6FA759E32D49382500FF89B4 /* Preview Assets.xcassets */,
			);
			path = "Preview Content";
			sourceTree = "<group>";
		};
		6FA759EA2D49382C00FF89B4 /* network */ = {
			isa = PBXGroup;
			children = (
				6FA759EB2D4938BE00FF89B4 /* ApiManager.swift */,
				6FA75A032D4A940900FF89B4 /* NetworkMonitor.swift */,
			);
			path = network;
			sourceTree = "<group>";
		};
		6FA759EF2D49547F00FF89B4 /* models */ = {
			isa = PBXGroup;
			children = (
				6FA759F02D49558000FF89B4 /* ResponseModel.swift */,
				6FA759F22D4955F500FF89B4 /* ResultModel.swift */,
			);
			path = models;
			sourceTree = "<group>";
		};
		6FA759F42D4968E500FF89B4 /* Views */ = {
			isa = PBXGroup;
			children = (
				6FA759F52D4968FE00FF89B4 /* CardsViews.swift */,
				6FA759F72D498A9400FF89B4 /* ButtonsDays.swift */,
				6FA759F92D4991FF00FF89B4 /* TextNoticeView.swift */,
				6FA759FB2D49925A00FF89B4 /* Progress.swift */,
				6FA75A052D4A981900FF89B4 /* NetworkAlert.swift */,
			);
			path = Views;
			sourceTree = "<group>";
		};
		6FA759FD2D49934800FF89B4 /* ViewModel */ = {
			isa = PBXGroup;
			children = (
				6FA75A002D4993E100FF89B4 /* ContentViewModel */,
			);
			path = ViewModel;
			sourceTree = "<group>";
		};
		6FA75A002D4993E100FF89B4 /* ContentViewModel */ = {
			isa = PBXGroup;
			children = (
				6FA759FE2D4993BB00FF89B4 /* ContentViewModel.swift */,
				6FA75A012D49940000FF89B4 /* IdentifiableModel.swift */,
			);
			path = ContentViewModel;
			sourceTree = "<group>";
		};
		6FA75A0C2D4AA85400FF89B4 /* newyorktimesTests */ = {
			isa = PBXGroup;
			children = (
				6FA75A0D2D4AA85400FF89B4 /* newyorktimesTests.swift */,
				6FA75A232D4ABC3600FF89B4 /* MockupApiService.swift */,
			);
			path = newyorktimesTests;
			sourceTree = "<group>";
		};
		6FA75A192D4AB57F00FF89B4 /* newyorktimesTestsUI */ = {
			isa = PBXGroup;
			children = (
				6FA75A1A2D4AB57F00FF89B4 /* newyorktimesTestsUI.swift */,
				6FA75A1C2D4AB57F00FF89B4 /* newyorktimesTestsUILaunchTests.swift */,
			);
			path = newyorktimesTestsUI;
			sourceTree = "<group>";
		};
/* End PBXGroup section */

/* Begin PBXNativeTarget section */
		6FA759D82D49382300FF89B4 /* newyorktimes */ = {
			isa = PBXNativeTarget;
			buildConfigurationList = 6FA759E72D49382500FF89B4 /* Build configuration list for PBXNativeTarget "newyorktimes" */;
			buildPhases = (
				6FA759D52D49382300FF89B4 /* Sources */,
				6FA759D62D49382300FF89B4 /* Frameworks */,
				6FA759D72D49382300FF89B4 /* Resources */,
			);
			buildRules = (
			);
			dependencies = (
			);
			name = newyorktimes;
			productName = newyorktimes;
			productReference = 6FA759D92D49382300FF89B4 /* newyorktimes.app */;
			productType = "com.apple.product-type.application";
		};
		6FA75A0A2D4AA85400FF89B4 /* newyorktimesTests */ = {
			isa = PBXNativeTarget;
			buildConfigurationList = 6FA75A112D4AA85400FF89B4 /* Build configuration list for PBXNativeTarget "newyorktimesTests" */;
			buildPhases = (
				6FA75A072D4AA85400FF89B4 /* Sources */,
				6FA75A082D4AA85400FF89B4 /* Frameworks */,
				6FA75A092D4AA85400FF89B4 /* Resources */,
			);
			buildRules = (
			);
			dependencies = (
				6FA75A102D4AA85400FF89B4 /* PBXTargetDependency */,
			);
			name = newyorktimesTests;
			productName = newyorktimesTests;
			productReference = 6FA75A0B2D4AA85400FF89B4 /* newyorktimesTests.xctest */;
			productType = "com.apple.product-type.bundle.unit-test";
		};
		6FA75A172D4AB57F00FF89B4 /* newyorktimesTestsUI */ = {
			isa = PBXNativeTarget;
			buildConfigurationList = 6FA75A202D4AB57F00FF89B4 /* Build configuration list for PBXNativeTarget "newyorktimesTestsUI" */;
			buildPhases = (
				6FA75A142D4AB57F00FF89B4 /* Sources */,
				6FA75A152D4AB57F00FF89B4 /* Frameworks */,
				6FA75A162D4AB57F00FF89B4 /* Resources */,
			);
			buildRules = (
			);
			dependencies = (
				6FA75A1F2D4AB57F00FF89B4 /* PBXTargetDependency */,
			);
			name = newyorktimesTestsUI;
			productName = newyorktimesTestsUI;
			productReference = 6FA75A182D4AB57F00FF89B4 /* newyorktimesTestsUI.xctest */;
			productType = "com.apple.product-type.bundle.ui-testing";
		};
/* End PBXNativeTarget section */

/* Begin PBXProject section */
		6FA759D12D49382300FF89B4 /* Project object */ = {
			isa = PBXProject;
			attributes = {
				BuildIndependentTargetsInParallel = 1;
				LastSwiftUpdateCheck = 1540;
				LastUpgradeCheck = 1540;
				TargetAttributes = {
					6FA759D82D49382300FF89B4 = {
						CreatedOnToolsVersion = 15.4;
					};
					6FA75A0A2D4AA85400FF89B4 = {
						CreatedOnToolsVersion = 15.4;
						TestTargetID = 6FA759D82D49382300FF89B4;
					};
					6FA75A172D4AB57F00FF89B4 = {
						CreatedOnToolsVersion = 15.4;
						TestTargetID = 6FA759D82D49382300FF89B4;
					};
				};
			};
			buildConfigurationList = 6FA759D42D49382300FF89B4 /* Build configuration list for PBXProject "newyorktimes" */;
			compatibilityVersion = "Xcode 14.0";
			developmentRegion = en;
			hasScannedForEncodings = 0;
			knownRegions = (
				en,
				Base,
			);
			mainGroup = 6FA759D02D49382300FF89B4;
			productRefGroup = 6FA759DA2D49382300FF89B4 /* Products */;
			projectDirPath = "";
			projectRoot = "";
			targets = (
				6FA759D82D49382300FF89B4 /* newyorktimes */,
				6FA75A0A2D4AA85400FF89B4 /* newyorktimesTests */,
				6FA75A172D4AB57F00FF89B4 /* newyorktimesTestsUI */,
			);
		};
/* End PBXProject section */

/* Begin PBXResourcesBuildPhase section */
		6FA759D72D49382300FF89B4 /* Resources */ = {
			isa = PBXResourcesBuildPhase;
			buildActionMask = 2147483647;
			files = (
				6FA759E42D49382500FF89B4 /* Preview Assets.xcassets in Resources */,
				6FA759E12D49382500FF89B4 /* Assets.xcassets in Resources */,
			);
			runOnlyForDeploymentPostprocessing = 0;
		};
		6FA75A092D4AA85400FF89B4 /* Resources */ = {
			isa = PBXResourcesBuildPhase;
			buildActionMask = 2147483647;
			files = (
			);
			runOnlyForDeploymentPostprocessing = 0;
		};
		6FA75A162D4AB57F00FF89B4 /* Resources */ = {
			isa = PBXResourcesBuildPhase;
			buildActionMask = 2147483647;
			files = (
			);
			runOnlyForDeploymentPostprocessing = 0;
		};
/* End PBXResourcesBuildPhase section */

/* Begin PBXSourcesBuildPhase section */
		6FA759D52D49382300FF89B4 /* Sources */ = {
			isa = PBXSourcesBuildPhase;
			buildActionMask = 2147483647;
			files = (
				6FA759FC2D49925A00FF89B4 /* Progress.swift in Sources */,
				6FA75A042D4A940900FF89B4 /* NetworkMonitor.swift in Sources */,
				6FA75A022D49940000FF89B4 /* IdentifiableModel.swift in Sources */,
				6FA759F32D4955F500FF89B4 /* ResultModel.swift in Sources */,
				6FA759FA2D4991FF00FF89B4 /* TextNoticeView.swift in Sources */,
				6FA75A062D4A981900FF89B4 /* NetworkAlert.swift in Sources */,
				6FA759DF2D49382300FF89B4 /* ContentView.swift in Sources */,
				6FA759FF2D4993BB00FF89B4 /* ContentViewModel.swift in Sources */,
				6FA759EC2D4938BE00FF89B4 /* ApiManager.swift in Sources */,
				6FA759F12D49558000FF89B4 /* ResponseModel.swift in Sources */,
				6FA759F62D4968FE00FF89B4 /* CardsViews.swift in Sources */,
				6FA759F82D498A9400FF89B4 /* ButtonsDays.swift in Sources */,
				6FA759DD2D49382300FF89B4 /* newyorktimesApp.swift in Sources */,
			);
			runOnlyForDeploymentPostprocessing = 0;
		};
		6FA75A072D4AA85400FF89B4 /* Sources */ = {
			isa = PBXSourcesBuildPhase;
			buildActionMask = 2147483647;
			files = (
				6FA75A0E2D4AA85400FF89B4 /* newyorktimesTests.swift in Sources */,
				6FA75A242D4ABC3600FF89B4 /* MockupApiService.swift in Sources */,
			);
			runOnlyForDeploymentPostprocessing = 0;
		};
		6FA75A142D4AB57F00FF89B4 /* Sources */ = {
			isa = PBXSourcesBuildPhase;
			buildActionMask = 2147483647;
			files = (
				6FA75A1B2D4AB57F00FF89B4 /* newyorktimesTestsUI.swift in Sources */,
				6FA75A1D2D4AB57F00FF89B4 /* newyorktimesTestsUILaunchTests.swift in Sources */,
			);
			runOnlyForDeploymentPostprocessing = 0;
		};
/* End PBXSourcesBuildPhase section */

/* Begin PBXTargetDependency section */
		6FA75A102D4AA85400FF89B4 /* PBXTargetDependency */ = {
			isa = PBXTargetDependency;
			target = 6FA759D82D49382300FF89B4 /* newyorktimes */;
			targetProxy = 6FA75A0F2D4AA85400FF89B4 /* PBXContainerItemProxy */;
		};
		6FA75A1F2D4AB57F00FF89B4 /* PBXTargetDependency */ = {
			isa = PBXTargetDependency;
			target = 6FA759D82D49382300FF89B4 /* newyorktimes */;
			targetProxy = 6FA75A1E2D4AB57F00FF89B4 /* PBXContainerItemProxy */;
		};
/* End PBXTargetDependency section */

/* Begin XCBuildConfiguration section */
		6FA759E52D49382500FF89B4 /* Debug */ = {
			isa = XCBuildConfiguration;
			buildSettings = {
				ALWAYS_SEARCH_USER_PATHS = NO;
				ASSETCATALOG_COMPILER_GENERATE_SWIFT_ASSET_SYMBOL_EXTENSIONS = YES;
				CLANG_ANALYZER_NONNULL = YES;
				CLANG_ANALYZER_NUMBER_OBJECT_CONVERSION = YES_AGGRESSIVE;
				CLANG_CXX_LANGUAGE_STANDARD = "gnu++20";
				CLANG_ENABLE_MODULES = YES;
				CLANG_ENABLE_OBJC_ARC = YES;
				CLANG_ENABLE_OBJC_WEAK = YES;
				CLANG_WARN_BLOCK_CAPTURE_AUTORELEASING = YES;
				CLANG_WARN_BOOL_CONVERSION = YES;
				CLANG_WARN_COMMA = YES;
				CLANG_WARN_CONSTANT_CONVERSION = YES;
				CLANG_WARN_DEPRECATED_OBJC_IMPLEMENTATIONS = YES;
				CLANG_WARN_DIRECT_OBJC_ISA_USAGE = YES_ERROR;
				CLANG_WARN_DOCUMENTATION_COMMENTS = YES;
				CLANG_WARN_EMPTY_BODY = YES;
				CLANG_WARN_ENUM_CONVERSION = YES;
				CLANG_WARN_INFINITE_RECURSION = YES;
				CLANG_WARN_INT_CONVERSION = YES;
				CLANG_WARN_NON_LITERAL_NULL_CONVERSION = YES;
				CLANG_WARN_OBJC_IMPLICIT_RETAIN_SELF = YES;
				CLANG_WARN_OBJC_LITERAL_CONVERSION = YES;
				CLANG_WARN_OBJC_ROOT_CLASS = YES_ERROR;
				CLANG_WARN_QUOTED_INCLUDE_IN_FRAMEWORK_HEADER = YES;
				CLANG_WARN_RANGE_LOOP_ANALYSIS = YES;
				CLANG_WARN_STRICT_PROTOTYPES = YES;
				CLANG_WARN_SUSPICIOUS_MOVE = YES;
				CLANG_WARN_UNGUARDED_AVAILABILITY = YES_AGGRESSIVE;
				CLANG_WARN_UNREACHABLE_CODE = YES;
				CLANG_WARN__DUPLICATE_METHOD_MATCH = YES;
				COPY_PHASE_STRIP = NO;
				DEBUG_INFORMATION_FORMAT = dwarf;
				ENABLE_STRICT_OBJC_MSGSEND = YES;
				ENABLE_TESTABILITY = YES;
				ENABLE_USER_SCRIPT_SANDBOXING = YES;
				GCC_C_LANGUAGE_STANDARD = gnu17;
				GCC_DYNAMIC_NO_PIC = NO;
				GCC_NO_COMMON_BLOCKS = YES;
				GCC_OPTIMIZATION_LEVEL = 0;
				GCC_PREPROCESSOR_DEFINITIONS = (
					"DEBUG=1",
					"$(inherited)",
				);
				GCC_WARN_64_TO_32_BIT_CONVERSION = YES;
				GCC_WARN_ABOUT_RETURN_TYPE = YES_ERROR;
				GCC_WARN_UNDECLARED_SELECTOR = YES;
				GCC_WARN_UNINITIALIZED_AUTOS = YES_AGGRESSIVE;
				GCC_WARN_UNUSED_FUNCTION = YES;
				GCC_WARN_UNUSED_VARIABLE = YES;
				IPHONEOS_DEPLOYMENT_TARGET = 14.0;
				LOCALIZATION_PREFERS_STRING_CATALOGS = YES;
				MTL_ENABLE_DEBUG_INFO = INCLUDE_SOURCE;
				MTL_FAST_MATH = YES;
				ONLY_ACTIVE_ARCH = YES;
				SDKROOT = iphoneos;
				SWIFT_ACTIVE_COMPILATION_CONDITIONS = "DEBUG $(inherited)";
				SWIFT_OPTIMIZATION_LEVEL = "-Onone";
			};
			name = Debug;
		};
		6FA759E62D49382500FF89B4 /* Release */ = {
			isa = XCBuildConfiguration;
			buildSettings = {
				ALWAYS_SEARCH_USER_PATHS = NO;
				ASSETCATALOG_COMPILER_GENERATE_SWIFT_ASSET_SYMBOL_EXTENSIONS = YES;
				CLANG_ANALYZER_NONNULL = YES;
				CLANG_ANALYZER_NUMBER_OBJECT_CONVERSION = YES_AGGRESSIVE;
				CLANG_CXX_LANGUAGE_STANDARD = "gnu++20";
				CLANG_ENABLE_MODULES = YES;
				CLANG_ENABLE_OBJC_ARC = YES;
				CLANG_ENABLE_OBJC_WEAK = YES;
				CLANG_WARN_BLOCK_CAPTURE_AUTORELEASING = YES;
				CLANG_WARN_BOOL_CONVERSION = YES;
				CLANG_WARN_COMMA = YES;
				CLANG_WARN_CONSTANT_CONVERSION = YES;
				CLANG_WARN_DEPRECATED_OBJC_IMPLEMENTATIONS = YES;
				CLANG_WARN_DIRECT_OBJC_ISA_USAGE = YES_ERROR;
				CLANG_WARN_DOCUMENTATION_COMMENTS = YES;
				CLANG_WARN_EMPTY_BODY = YES;
				CLANG_WARN_ENUM_CONVERSION = YES;
				CLANG_WARN_INFINITE_RECURSION = YES;
				CLANG_WARN_INT_CONVERSION = YES;
				CLANG_WARN_NON_LITERAL_NULL_CONVERSION = YES;
				CLANG_WARN_OBJC_IMPLICIT_RETAIN_SELF = YES;
				CLANG_WARN_OBJC_LITERAL_CONVERSION = YES;
				CLANG_WARN_OBJC_ROOT_CLASS = YES_ERROR;
				CLANG_WARN_QUOTED_INCLUDE_IN_FRAMEWORK_HEADER = YES;
				CLANG_WARN_RANGE_LOOP_ANALYSIS = YES;
				CLANG_WARN_STRICT_PROTOTYPES = YES;
				CLANG_WARN_SUSPICIOUS_MOVE = YES;
				CLANG_WARN_UNGUARDED_AVAILABILITY = YES_AGGRESSIVE;
				CLANG_WARN_UNREACHABLE_CODE = YES;
				CLANG_WARN__DUPLICATE_METHOD_MATCH = YES;
				COPY_PHASE_STRIP = NO;
				DEBUG_INFORMATION_FORMAT = "dwarf-with-dsym";
				ENABLE_NS_ASSERTIONS = NO;
				ENABLE_STRICT_OBJC_MSGSEND = YES;
				ENABLE_USER_SCRIPT_SANDBOXING = YES;
				GCC_C_LANGUAGE_STANDARD = gnu17;
				GCC_NO_COMMON_BLOCKS = YES;
				GCC_WARN_64_TO_32_BIT_CONVERSION = YES;
				GCC_WARN_ABOUT_RETURN_TYPE = YES_ERROR;
				GCC_WARN_UNDECLARED_SELECTOR = YES;
				GCC_WARN_UNINITIALIZED_AUTOS = YES_AGGRESSIVE;
				GCC_WARN_UNUSED_FUNCTION = YES;
				GCC_WARN_UNUSED_VARIABLE = YES;
				IPHONEOS_DEPLOYMENT_TARGET = 14.0;
				LOCALIZATION_PREFERS_STRING_CATALOGS = YES;
				MTL_ENABLE_DEBUG_INFO = NO;
				MTL_FAST_MATH = YES;
				SDKROOT = iphoneos;
				SWIFT_COMPILATION_MODE = wholemodule;
				VALIDATE_PRODUCT = YES;
			};
			name = Release;
		};
		6FA759E82D49382500FF89B4 /* Debug */ = {
			isa = XCBuildConfiguration;
			buildSettings = {
				ASSETCATALOG_COMPILER_APPICON_NAME = AppIcon;
				ASSETCATALOG_COMPILER_GLOBAL_ACCENT_COLOR_NAME = AccentColor;
				CODE_SIGN_STYLE = Automatic;
				CURRENT_PROJECT_VERSION = 1;
				DEVELOPMENT_ASSET_PATHS = "\"newyorktimes/Preview Content\"";
				DEVELOPMENT_TEAM = 3VTVKS84MY;
				ENABLE_PREVIEWS = YES;
				GENERATE_INFOPLIST_FILE = YES;
				INFOPLIST_KEY_UIApplicationSceneManifest_Generation = YES;
				INFOPLIST_KEY_UIApplicationSupportsIndirectInputEvents = YES;
				INFOPLIST_KEY_UILaunchScreen_Generation = YES;
				INFOPLIST_KEY_UISupportedInterfaceOrientations = UIInterfaceOrientationPortrait;
				IPHONEOS_DEPLOYMENT_TARGET = 15.0;
				LD_RUNPATH_SEARCH_PATHS = (
					"$(inherited)",
					"@executable_path/Frameworks",
				);
				MARKETING_VERSION = 1.0;
				PRODUCT_BUNDLE_IDENTIFIER = com.mogu.newyorktimes;
				PRODUCT_NAME = "$(TARGET_NAME)";
				SWIFT_EMIT_LOC_STRINGS = YES;
				SWIFT_VERSION = 5.0;
				TARGETED_DEVICE_FAMILY = "1,2";
			};
			name = Debug;
		};
		6FA759E92D49382500FF89B4 /* Release */ = {
			isa = XCBuildConfiguration;
			buildSettings = {
				ASSETCATALOG_COMPILER_APPICON_NAME = AppIcon;
				ASSETCATALOG_COMPILER_GLOBAL_ACCENT_COLOR_NAME = AccentColor;
				CODE_SIGN_STYLE = Automatic;
				CURRENT_PROJECT_VERSION = 1;
				DEVELOPMENT_ASSET_PATHS = "\"newyorktimes/Preview Content\"";
				DEVELOPMENT_TEAM = 3VTVKS84MY;
				ENABLE_PREVIEWS = YES;
				GENERATE_INFOPLIST_FILE = YES;
				INFOPLIST_KEY_UIApplicationSceneManifest_Generation = YES;
				INFOPLIST_KEY_UIApplicationSupportsIndirectInputEvents = YES;
				INFOPLIST_KEY_UILaunchScreen_Generation = YES;
				INFOPLIST_KEY_UISupportedInterfaceOrientations = UIInterfaceOrientationPortrait;
				IPHONEOS_DEPLOYMENT_TARGET = 15.0;
				LD_RUNPATH_SEARCH_PATHS = (
					"$(inherited)",
					"@executable_path/Frameworks",
				);
				MARKETING_VERSION = 1.0;
				PRODUCT_BUNDLE_IDENTIFIER = com.mogu.newyorktimes;
				PRODUCT_NAME = "$(TARGET_NAME)";
				SWIFT_EMIT_LOC_STRINGS = YES;
				SWIFT_VERSION = 5.0;
				TARGETED_DEVICE_FAMILY = "1,2";
			};
			name = Release;
		};
		6FA75A122D4AA85400FF89B4 /* Debug */ = {
			isa = XCBuildConfiguration;
			buildSettings = {
				BUNDLE_LOADER = "$(TEST_HOST)";
				CODE_SIGN_STYLE = Automatic;
				CURRENT_PROJECT_VERSION = 1;
				DEVELOPMENT_TEAM = 3VTVKS84MY;
				GENERATE_INFOPLIST_FILE = YES;
				IPHONEOS_DEPLOYMENT_TARGET = 15.0;
				MARKETING_VERSION = 1.0;
				PRODUCT_BUNDLE_IDENTIFIER = com.mogu.newyorktimesTests;
				PRODUCT_NAME = "$(TARGET_NAME)";
				SWIFT_EMIT_LOC_STRINGS = NO;
				SWIFT_VERSION = 5.0;
				TARGETED_DEVICE_FAMILY = "1,2";
				TEST_HOST = "$(BUILT_PRODUCTS_DIR)/newyorktimes.app/$(BUNDLE_EXECUTABLE_FOLDER_PATH)/newyorktimes";
			};
			name = Debug;
		};
		6FA75A132D4AA85400FF89B4 /* Release */ = {
			isa = XCBuildConfiguration;
			buildSettings = {
				BUNDLE_LOADER = "$(TEST_HOST)";
				CODE_SIGN_STYLE = Automatic;
				CURRENT_PROJECT_VERSION = 1;
				DEVELOPMENT_TEAM = 3VTVKS84MY;
				GENERATE_INFOPLIST_FILE = YES;
				IPHONEOS_DEPLOYMENT_TARGET = 15.0;
				MARKETING_VERSION = 1.0;
				PRODUCT_BUNDLE_IDENTIFIER = com.mogu.newyorktimesTests;
				PRODUCT_NAME = "$(TARGET_NAME)";
				SWIFT_EMIT_LOC_STRINGS = NO;
				SWIFT_VERSION = 5.0;
				TARGETED_DEVICE_FAMILY = "1,2";
				TEST_HOST = "$(BUILT_PRODUCTS_DIR)/newyorktimes.app/$(BUNDLE_EXECUTABLE_FOLDER_PATH)/newyorktimes";
			};
			name = Release;
		};
		6FA75A212D4AB57F00FF89B4 /* Debug */ = {
			isa = XCBuildConfiguration;
			buildSettings = {
				CODE_SIGN_STYLE = Automatic;
				CURRENT_PROJECT_VERSION = 1;
				DEVELOPMENT_TEAM = 3VTVKS84MY;
				GENERATE_INFOPLIST_FILE = YES;
				IPHONEOS_DEPLOYMENT_TARGET = 17.5;
				MARKETING_VERSION = 1.0;
				PRODUCT_BUNDLE_IDENTIFIER = com.mogu.newyorktimesTestsUI;
				PRODUCT_NAME = "$(TARGET_NAME)";
				SWIFT_EMIT_LOC_STRINGS = NO;
				SWIFT_VERSION = 5.0;
				TARGETED_DEVICE_FAMILY = "1,2";
				TEST_TARGET_NAME = newyorktimes;
			};
			name = Debug;
		};
		6FA75A222D4AB57F00FF89B4 /* Release */ = {
			isa = XCBuildConfiguration;
			buildSettings = {
				CODE_SIGN_STYLE = Automatic;
				CURRENT_PROJECT_VERSION = 1;
				DEVELOPMENT_TEAM = 3VTVKS84MY;
				GENERATE_INFOPLIST_FILE = YES;
				IPHONEOS_DEPLOYMENT_TARGET = 17.5;
				MARKETING_VERSION = 1.0;
				PRODUCT_BUNDLE_IDENTIFIER = com.mogu.newyorktimesTestsUI;
				PRODUCT_NAME = "$(TARGET_NAME)";
				SWIFT_EMIT_LOC_STRINGS = NO;
				SWIFT_VERSION = 5.0;
				TARGETED_DEVICE_FAMILY = "1,2";
				TEST_TARGET_NAME = newyorktimes;
			};
			name = Release;
		};
/* End XCBuildConfiguration section */

/* Begin XCConfigurationList section */
		6FA759D42D49382300FF89B4 /* Build configuration list for PBXProject "newyorktimes" */ = {
			isa = XCConfigurationList;
			buildConfigurations = (
				6FA759E52D49382500FF89B4 /* Debug */,
				6FA759E62D49382500FF89B4 /* Release */,
			);
			defaultConfigurationIsVisible = 0;
			defaultConfigurationName = Release;
		};
		6FA759E72D49382500FF89B4 /* Build configuration list for PBXNativeTarget "newyorktimes" */ = {
			isa = XCConfigurationList;
			buildConfigurations = (
				6FA759E82D49382500FF89B4 /* Debug */,
				6FA759E92D49382500FF89B4 /* Release */,
			);
			defaultConfigurationIsVisible = 0;
			defaultConfigurationName = Release;
		};
		6FA75A112D4AA85400FF89B4 /* Build configuration list for PBXNativeTarget "newyorktimesTests" */ = {
			isa = XCConfigurationList;
			buildConfigurations = (
				6FA75A122D4AA85400FF89B4 /* Debug */,
				6FA75A132D4AA85400FF89B4 /* Release */,
			);
			defaultConfigurationIsVisible = 0;
			defaultConfigurationName = Release;
		};
		6FA75A202D4AB57F00FF89B4 /* Build configuration list for PBXNativeTarget "newyorktimesTestsUI" */ = {
			isa = XCConfigurationList;
			buildConfigurations = (
				6FA75A212D4AB57F00FF89B4 /* Debug */,
				6FA75A222D4AB57F00FF89B4 /* Release */,
			);
			defaultConfigurationIsVisible = 0;
			defaultConfigurationName = Release;
		};
/* End XCConfigurationList section */
	};
	rootObject = 6FA759D12D49382300FF89B4 /* Project object */;
}
